
Microsoft Visual Studio Solution File, Format Version 12.00
# Visual Studio Version 16
VisualStudioVersion = 16.0.32002.261
MinimumVisualStudioVersion = 10.0.40219.1
Project("{FAE04EC0-301F-11D3-BF4B-00C04F79EFBC}") = "SPCAPP.TicketWeb", "SPCAPP.TicketWeb\SPCAPP.TicketWeb.csproj", "{9F38DBCE-0FA8-422B-B689-0EC67FCABB80}"
EndProject
Global
	GlobalSection(SolutionConfigurationPlatforms) = preSolution
		Debug|Any CPU = Debug|Any CPU
		Release|Any CPU = Release|Any CPU
	EndGlobalSection
	GlobalSection(ProjectConfigurationPlatforms) = postSolution
		{9F38DBCE-0FA8-422B-B689-0EC67FCABB80}.Debug|Any CPU.ActiveCfg = Debug|Any CPU
		{9F38DBCE-0FA8-422B-B689-0EC67FCABB80}.Debug|Any CPU.Build.0 = Debug|Any CPU
		{9F38DBCE-0FA8-422B-B689-0EC67FCABB80}.Release|Any CPU.ActiveCfg = Release|Any CPU
		{9F38DBCE-0FA8-422B-B689-0EC67FCABB80}.Release|Any CPU.Build.0 = Release|Any CPU
	EndGlobalSection
	GlobalSection(SolutionProperties) = preSolution
		HideSolutionNode = FALSE
	EndGlobalSection
	GlobalSection(ExtensibilityGlobals) = postSolution
		SolutionGuid = {0321020A-4FF6-4417-B5DD-D2964D12B76D}
	EndGlobalSection
EndGlobal
